
Microsoft Visual Studio Solution File, Format Version 12.00
# Visual Studio Version 16
VisualStudioVersion = 16.0.808.4
MinimumVisualStudioVersion = 10.0.40219.1
Project("{FAE04EC0-301F-11D3-BF4B-00C04F79EFBC}") = "TestApplication.Droid", "Droid\TestApplication.Droid.csproj", "{145B0621-CF9A-4695-AF6B-FF1BB9477D19}"
EndProject
Project("{FAE04EC0-301F-11D3-BF4B-00C04F79EFBC}") = "TestApplication.iOS", "iOS\TestApplication.iOS.csproj", "{36FFA7D3-A75A-4F0C-BAE9-B61CFB566415}"
EndProject
Project("{FAE04EC0-301F-11D3-BF4B-00C04F79EFBC}") = "TestApplication", "TestApplication\TestApplication.csproj", "{66A484DF-5884-4D8A-9ACC-B8EDADB65A9B}"
EndProject
Global
	GlobalSection(SolutionConfigurationPlatforms) = preSolution
		Debug|Any CPU = Debug|Any CPU
		Release|Any CPU = Release|Any CPU
		Debug|iPhoneSimulator = Debug|iPhoneSimulator
		Release|iPhone = Release|iPhone
		Release|iPhoneSimulator = Release|iPhoneSimulator
		Debug|iPhone = Debug|iPhone
	EndGlobalSection
	GlobalSection(ProjectConfigurationPlatforms) = postSolution
		{145B0621-CF9A-4695-AF6B-FF1BB9477D19}.Debug|Any CPU.ActiveCfg = Debug|Any CPU
		{145B0621-CF9A-4695-AF6B-FF1BB9477D19}.Debug|Any CPU.Build.0 = Debug|Any CPU
		{145B0621-CF9A-4695-AF6B-FF1BB9477D19}.Release|Any CPU.ActiveCfg = Release|Any CPU
		{145B0621-CF9A-4695-AF6B-FF1BB9477D19}.Release|Any CPU.Build.0 = Release|Any CPU
		{145B0621-CF9A-4695-AF6B-FF1BB9477D19}.Debug|iPhoneSimulator.ActiveCfg = Debug|Any CPU
		{145B0621-CF9A-4695-AF6B-FF1BB9477D19}.Debug|iPhoneSimulator.Build.0 = Debug|Any CPU
		{145B0621-CF9A-4695-AF6B-FF1BB9477D19}.Release|iPhone.ActiveCfg = Release|Any CPU
		{145B0621-CF9A-4695-AF6B-FF1BB9477D19}.Release|iPhone.Build.0 = Release|Any CPU
		{145B0621-CF9A-4695-AF6B-FF1BB9477D19}.Release|iPhoneSimulator.ActiveCfg = Release|Any CPU
		{145B0621-CF9A-4695-AF6B-FF1BB9477D19}.Release|iPhoneSimulator.Build.0 = Release|Any CPU
		{145B0621-CF9A-4695-AF6B-FF1BB9477D19}.Debug|iPhone.ActiveCfg = Debug|Any CPU
		{145B0621-CF9A-4695-AF6B-FF1BB9477D19}.Debug|iPhone.Build.0 = Debug|Any CPU
		{36FFA7D3-A75A-4F0C-BAE9-B61CFB566415}.Debug|Any CPU.ActiveCfg = Debug|iPhoneSimulator
		{36FFA7D3-A75A-4F0C-BAE9-B61CFB566415}.Debug|Any CPU.Build.0 = Debug|iPhoneSimulator
		{36FFA7D3-A75A-4F0C-BAE9-B61CFB566415}.Release|Any CPU.ActiveCfg = Release|iPhone
		{36FFA7D3-A75A-4F0C-BAE9-B61CFB566415}.Release|Any CPU.Build.0 = Release|iPhone
		{36FFA7D3-A75A-4F0C-BAE9-B61CFB566415}.Debug|iPhoneSimulator.ActiveCfg = Debug|iPhoneSimulator
		{36FFA7D3-A75A-4F0C-BAE9-B61CFB566415}.Debug|iPhoneSimulator.Build.0 = Debug|iPhoneSimulator
		{36FFA7D3-A75A-4F0C-BAE9-B61CFB566415}.Release|iPhone.ActiveCfg = Release|iPhone
		{36FFA7D3-A75A-4F0C-BAE9-B61CFB566415}.Release|iPhone.Build.0 = Release|iPhone
		{36FFA7D3-A75A-4F0C-BAE9-B61CFB566415}.Release|iPhoneSimulator.ActiveCfg = Release|iPhoneSimulator
		{36FFA7D3-A75A-4F0C-BAE9-B61CFB566415}.Release|iPhoneSimulator.Build.0 = Release|iPhoneSimulator
		{36FFA7D3-A75A-4F0C-BAE9-B61CFB566415}.Debug|iPhone.ActiveCfg = Debug|iPhone
		{36FFA7D3-A75A-4F0C-BAE9-B61CFB566415}.Debug|iPhone.Build.0 = Debug|iPhone
		{66A484DF-5884-4D8A-9ACC-B8EDADB65A9B}.Debug|Any CPU.ActiveCfg = Debug|Any CPU
		{66A484DF-5884-4D8A-9ACC-B8EDADB65A9B}.Debug|Any CPU.Build.0 = Debug|Any CPU
		{66A484DF-5884-4D8A-9ACC-B8EDADB65A9B}.Release|Any CPU.ActiveCfg = Release|Any CPU
		{66A484DF-5884-4D8A-9ACC-B8EDADB65A9B}.Release|Any CPU.Build.0 = Release|Any CPU
		{66A484DF-5884-4D8A-9ACC-B8EDADB65A9B}.Debug|iPhoneSimulator.ActiveCfg = Debug|Any CPU
		{66A484DF-5884-4D8A-9ACC-B8EDADB65A9B}.Debug|iPhoneSimulator.Build.0 = Debug|Any CPU
		{66A484DF-5884-4D8A-9ACC-B8EDADB65A9B}.Release|iPhone.ActiveCfg = Release|Any CPU
		{66A484DF-5884-4D8A-9ACC-B8EDADB65A9B}.Release|iPhone.Build.0 = Release|Any CPU
		{66A484DF-5884-4D8A-9ACC-B8EDADB65A9B}.Release|iPhoneSimulator.ActiveCfg = Release|Any CPU
		{66A484DF-5884-4D8A-9ACC-B8EDADB65A9B}.Release|iPhoneSimulator.Build.0 = Release|Any CPU
		{66A484DF-5884-4D8A-9ACC-B8EDADB65A9B}.Debug|iPhone.ActiveCfg = Debug|Any CPU
		{66A484DF-5884-4D8A-9ACC-B8EDADB65A9B}.Debug|iPhone.Build.0 = Debug|Any CPU
	EndGlobalSection
	GlobalSection(SolutionProperties) = preSolution
		HideSolutionNode = FALSE
	EndGlobalSection
	GlobalSection(ExtensibilityGlobals) = postSolution
		SolutionGuid = {6E35AC7D-AEB7-4836-ABDF-314198567F89}
	EndGlobalSection
EndGlobal
